
Microsoft Visual Studio Solution File, Format Version 12.00
# Visual Studio Version 16
VisualStudioVersion = 16.0.31729.503
MinimumVisualStudioVersion = 10.0.40219.1
Project("{FAE04EC0-301F-11D3-BF4B-00C04F79EFBC}") = "MakaleWeb", "MakaleWeb\MakaleWeb.csproj", "{A82D2E08-4923-49DA-9A9D-2E940EA5E643}"
EndProject
Project("{FAE04EC0-301F-11D3-BF4B-00C04F79EFBC}") = "Makale_BLL", "Makale_BLL\Makale_BLL.csproj", "{2EA4F282-BA2C-4232-9BB7-BAEE8A368F9D}"
EndProject
Project("{FAE04EC0-301F-11D3-BF4B-00C04F79EFBC}") = "Makale_dataAccessLayer", "Makale_dataAccessLayer\Makale_dataAccessLayer.csproj", "{B50A76CA-1E97-4BAE-BA21-CEE6FF538DC8}"
EndProject
Project("{FAE04EC0-301F-11D3-BF4B-00C04F79EFBC}") = "Makale_Entity", "Makale_Entity\Makale_Entity.csproj", "{FD4319D1-527F-4391-9A8E-A2A272E16137}"
EndProject
Global
	GlobalSection(SolutionConfigurationPlatforms) = preSolution
		Debug|Any CPU = Debug|Any CPU
		Release|Any CPU = Release|Any CPU
	EndGlobalSection
	GlobalSection(ProjectConfigurationPlatforms) = postSolution
		{A82D2E08-4923-49DA-9A9D-2E940EA5E643}.Debug|Any CPU.ActiveCfg = Debug|Any CPU
		{A82D2E08-4923-49DA-9A9D-2E940EA5E643}.Debug|Any CPU.Build.0 = Debug|Any CPU
		{A82D2E08-4923-49DA-9A9D-2E940EA5E643}.Release|Any CPU.ActiveCfg = Release|Any CPU
		{A82D2E08-4923-49DA-9A9D-2E940EA5E643}.Release|Any CPU.Build.0 = Release|Any CPU
		{2EA4F282-BA2C-4232-9BB7-BAEE8A368F9D}.Debug|Any CPU.ActiveCfg = Debug|Any CPU
		{2EA4F282-BA2C-4232-9BB7-BAEE8A368F9D}.Debug|Any CPU.Build.0 = Debug|Any CPU
		{2EA4F282-BA2C-4232-9BB7-BAEE8A368F9D}.Release|Any CPU.ActiveCfg = Release|Any CPU
		{2EA4F282-BA2C-4232-9BB7-BAEE8A368F9D}.Release|Any CPU.Build.0 = Release|Any CPU
		{B50A76CA-1E97-4BAE-BA21-CEE6FF538DC8}.Debug|Any CPU.ActiveCfg = Debug|Any CPU
		{B50A76CA-1E97-4BAE-BA21-CEE6FF538DC8}.Debug|Any CPU.Build.0 = Debug|Any CPU
		{B50A76CA-1E97-4BAE-BA21-CEE6FF538DC8}.Release|Any CPU.ActiveCfg = Release|Any CPU
		{B50A76CA-1E97-4BAE-BA21-CEE6FF538DC8}.Release|Any CPU.Build.0 = Release|Any CPU
		{FD4319D1-527F-4391-9A8E-A2A272E16137}.Debug|Any CPU.ActiveCfg = Debug|Any CPU
		{FD4319D1-527F-4391-9A8E-A2A272E16137}.Debug|Any CPU.Build.0 = Debug|Any CPU
		{FD4319D1-527F-4391-9A8E-A2A272E16137}.Release|Any CPU.ActiveCfg = Release|Any CPU
		{FD4319D1-527F-4391-9A8E-A2A272E16137}.Release|Any CPU.Build.0 = Release|Any CPU
	EndGlobalSection
	GlobalSection(SolutionProperties) = preSolution
		HideSolutionNode = FALSE
	EndGlobalSection
	GlobalSection(ExtensibilityGlobals) = postSolution
		SolutionGuid = {020BC5F7-1EB6-482C-8EFD-BB302A54BE36}
	EndGlobalSection
EndGlobal
